
Microsoft Visual Studio Solution File, Format Version 12.00
# Visual Studio Version 17
VisualStudioVersion = 17.5.001.0
MinimumVisualStudioVersion = 10.0.40219.1
Project("{9A19103F-16F7-4668-BE54-9A1E7A4F7556}") = "PetClinic.API", "PetClinic.API.csproj", "{D2F9336C-CE90-43FC-9868-59F20B3F327E}"
EndProject
Global
	GlobalSection(SolutionConfigurationPlatforms) = preSolution
		Debug|Any CPU = Debug|Any CPU
		Release|Any CPU = Release|Any CPU
	EndGlobalSection
	GlobalSection(ProjectConfigurationPlatforms) = postSolution
		{D2F9336C-CE90-43FC-9868-59F20B3F327E}.Debug|Any CPU.ActiveCfg = Debug|Any CPU
		{D2F9336C-CE90-43FC-9868-59F20B3F327E}.Debug|Any CPU.Build.0 = Debug|Any CPU
		{D2F9336C-CE90-43FC-9868-59F20B3F327E}.Release|Any CPU.ActiveCfg = Release|Any CPU
		{D2F9336C-CE90-43FC-9868-59F20B3F327E}.Release|Any CPU.Build.0 = Release|Any CPU
	EndGlobalSection
	GlobalSection(SolutionProperties) = preSolution
		HideSolutionNode = FALSE
	EndGlobalSection
	GlobalSection(ExtensibilityGlobals) = postSolution
		SolutionGuid = {3EF7D404-0116-4DB6-AD22-A260322C1E17}
	EndGlobalSection
EndGlobal
