
Microsoft Visual Studio Solution File, Format Version 12.00
# Visual Studio Version 17
VisualStudioVersion = 17.5.001.0
MinimumVisualStudioVersion = 10.0.40219.1
Project("{9A19103F-16F7-4668-BE54-9A1E7A4F7556}") = "PetClinic.BLL.Tests", "PetClinic.BLL.Tests.csproj", "{3AFCF910-54DE-408C-BC47-E9D81EECF0C6}"
EndProject
Global
	GlobalSection(SolutionConfigurationPlatforms) = preSolution
		Debug|Any CPU = Debug|Any CPU
		Release|Any CPU = Release|Any CPU
	EndGlobalSection
	GlobalSection(ProjectConfigurationPlatforms) = postSolution
		{3AFCF910-54DE-408C-BC47-E9D81EECF0C6}.Debug|Any CPU.ActiveCfg = Debug|Any CPU
		{3AFCF910-54DE-408C-BC47-E9D81EECF0C6}.Debug|Any CPU.Build.0 = Debug|Any CPU
		{3AFCF910-54DE-408C-BC47-E9D81EECF0C6}.Release|Any CPU.ActiveCfg = Release|Any CPU
		{3AFCF910-54DE-408C-BC47-E9D81EECF0C6}.Release|Any CPU.Build.0 = Release|Any CPU
	EndGlobalSection
	GlobalSection(SolutionProperties) = preSolution
		HideSolutionNode = FALSE
	EndGlobalSection
	GlobalSection(ExtensibilityGlobals) = postSolution
		SolutionGuid = {E4F62B9F-6E58-4BD5-8800-365119C3D6FB}
	EndGlobalSection
EndGlobal
