
Microsoft Visual Studio Solution File, Format Version 12.00
# Visual Studio Version 17
VisualStudioVersion = 17.5.001.0
MinimumVisualStudioVersion = 10.0.40219.1
Project("{9A19103F-16F7-4668-BE54-9A1E7A4F7556}") = "PetClinic.BLL", "PetClinic.BLL.csproj", "{23BD3F01-5385-4B23-9F71-4D01353F9DF5}"
EndProject
Global
	GlobalSection(SolutionConfigurationPlatforms) = preSolution
		Debug|Any CPU = Debug|Any CPU
		Release|Any CPU = Release|Any CPU
	EndGlobalSection
	GlobalSection(ProjectConfigurationPlatforms) = postSolution
		{23BD3F01-5385-4B23-9F71-4D01353F9DF5}.Debug|Any CPU.ActiveCfg = Debug|Any CPU
		{23BD3F01-5385-4B23-9F71-4D01353F9DF5}.Debug|Any CPU.Build.0 = Debug|Any CPU
		{23BD3F01-5385-4B23-9F71-4D01353F9DF5}.Release|Any CPU.ActiveCfg = Release|Any CPU
		{23BD3F01-5385-4B23-9F71-4D01353F9DF5}.Release|Any CPU.Build.0 = Release|Any CPU
	EndGlobalSection
	GlobalSection(SolutionProperties) = preSolution
		HideSolutionNode = FALSE
	EndGlobalSection
	GlobalSection(ExtensibilityGlobals) = postSolution
		SolutionGuid = {6F4480F9-3693-4550-A807-A0D0AC1771EF}
	EndGlobalSection
EndGlobal
